
Microsoft Visual Studio Solution File, Format Version 12.00
# Visual Studio 2013
VisualStudioVersion = 12.0.30723.0
MinimumVisualStudioVersion = 10.0.40219.1
Project("{FAE04EC0-301F-11D3-BF4B-00C04F79EFBC}") = "Nascar.Api.Models", "Nascar.Models\Nascar.Api.Models.csproj", "{A2F2FA60-F876-4E93-9890-4EB9673ACAE3}"
EndProject
Project("{FAE04EC0-301F-11D3-BF4B-00C04F79EFBC}") = "Nascar.WinApp", "..\Nascar.WinApp\Nascar.WinApp.csproj", "{FCE32B6E-0F69-4521-B810-97C4C52527A7}"
EndProject
Project("{FAE04EC0-301F-11D3-BF4B-00C04F79EFBC}") = "Nascar.Data", "..\Nascar.Data\Nascar.Data.csproj", "{86338A15-33E0-4111-ACAA-1A182A1441B7}"
EndProject
Project("{FAE04EC0-301F-11D3-BF4B-00C04F79EFBC}") = "Nascar.ServiceScheduler", "..\Nascar.ServiceScheduler\Nascar.ServiceScheduler.csproj", "{F732C952-C52A-47D8-B510-E44D52E576FB}"
EndProject
Project("{FAE04EC0-301F-11D3-BF4B-00C04F79EFBC}") = "Nascar.MockApiServer", "..\Nascar.MockApiServer\Nascar.MockApiServer.csproj", "{FB35830B-CA83-450A-97E6-928F0C37D341}"
EndProject
Project("{FAE04EC0-301F-11D3-BF4B-00C04F79EFBC}") = "Nascar.Data.Schedule", "..\Nascar.Data.Schedule\Nascar.Data.Schedule.csproj", "{70B7384B-85B3-41BA-B733-F73E44B0CE07}"
EndProject
Project("{FAE04EC0-301F-11D3-BF4B-00C04F79EFBC}") = "NascarData", "..\NascarData\NascarData.csproj", "{C55019D8-4A2A-4548-8A4D-EB425B1943C0}"
EndProject
Project("{FAE04EC0-301F-11D3-BF4B-00C04F79EFBC}") = "NascarData.Models", "..\NascarData.Models\NascarData.Models.csproj", "{3FEA76E0-8AF2-49D2-995D-D75E74663AEB}"
EndProject
Project("{FAE04EC0-301F-11D3-BF4B-00C04F79EFBC}") = "NascarData.Business", "..\NascarData.Business\NascarData.Business.csproj", "{AD7E2624-A681-4E49-AB40-3A1FB3FDB6E7}"
EndProject
Project("{2150E333-8FDC-42A3-9474-1A3956D46DE8}") = "Nascar Projects", "Nascar Projects", "{C31A0D97-05E9-4A16-B42E-179391BEAB12}"
EndProject
Project("{2150E333-8FDC-42A3-9474-1A3956D46DE8}") = "NascarData Projects", "NascarData Projects", "{55604CBB-5B62-48D5-825B-1E20E972DC5F}"
EndProject
Project("{FAE04EC0-301F-11D3-BF4B-00C04F79EFBC}") = "NascarData.TestApp", "..\NascaeData.TestApp\NascarData.TestApp.csproj", "{97FCD8F4-CBC0-41F5-AC14-896B140328E8}"
EndProject
Project("{FAE04EC0-301F-11D3-BF4B-00C04F79EFBC}") = "Nascar.Api", "..\Nascar.Api\ClassLibrary1\Nascar.Api.csproj", "{8323069B-7B08-47D8-BC69-BD0D21692A03}"
EndProject
Global
	GlobalSection(SolutionConfigurationPlatforms) = preSolution
		Debug|Any CPU = Debug|Any CPU
		Release|Any CPU = Release|Any CPU
	EndGlobalSection
	GlobalSection(ProjectConfigurationPlatforms) = postSolution
		{A2F2FA60-F876-4E93-9890-4EB9673ACAE3}.Debug|Any CPU.ActiveCfg = Debug|Any CPU
		{A2F2FA60-F876-4E93-9890-4EB9673ACAE3}.Debug|Any CPU.Build.0 = Debug|Any CPU
		{A2F2FA60-F876-4E93-9890-4EB9673ACAE3}.Release|Any CPU.ActiveCfg = Release|Any CPU
		{A2F2FA60-F876-4E93-9890-4EB9673ACAE3}.Release|Any CPU.Build.0 = Release|Any CPU
		{FCE32B6E-0F69-4521-B810-97C4C52527A7}.Debug|Any CPU.ActiveCfg = Debug|Any CPU
		{FCE32B6E-0F69-4521-B810-97C4C52527A7}.Debug|Any CPU.Build.0 = Debug|Any CPU
		{FCE32B6E-0F69-4521-B810-97C4C52527A7}.Release|Any CPU.ActiveCfg = Release|Any CPU
		{FCE32B6E-0F69-4521-B810-97C4C52527A7}.Release|Any CPU.Build.0 = Release|Any CPU
		{86338A15-33E0-4111-ACAA-1A182A1441B7}.Debug|Any CPU.ActiveCfg = Debug|Any CPU
		{86338A15-33E0-4111-ACAA-1A182A1441B7}.Debug|Any CPU.Build.0 = Debug|Any CPU
		{86338A15-33E0-4111-ACAA-1A182A1441B7}.Release|Any CPU.ActiveCfg = Release|Any CPU
		{86338A15-33E0-4111-ACAA-1A182A1441B7}.Release|Any CPU.Build.0 = Release|Any CPU
		{F732C952-C52A-47D8-B510-E44D52E576FB}.Debug|Any CPU.ActiveCfg = Debug|Any CPU
		{F732C952-C52A-47D8-B510-E44D52E576FB}.Debug|Any CPU.Build.0 = Debug|Any CPU
		{F732C952-C52A-47D8-B510-E44D52E576FB}.Release|Any CPU.ActiveCfg = Release|Any CPU
		{F732C952-C52A-47D8-B510-E44D52E576FB}.Release|Any CPU.Build.0 = Release|Any CPU
		{FB35830B-CA83-450A-97E6-928F0C37D341}.Debug|Any CPU.ActiveCfg = Debug|Any CPU
		{FB35830B-CA83-450A-97E6-928F0C37D341}.Debug|Any CPU.Build.0 = Debug|Any CPU
		{FB35830B-CA83-450A-97E6-928F0C37D341}.Release|Any CPU.ActiveCfg = Release|Any CPU
		{FB35830B-CA83-450A-97E6-928F0C37D341}.Release|Any CPU.Build.0 = Release|Any CPU
		{70B7384B-85B3-41BA-B733-F73E44B0CE07}.Debug|Any CPU.ActiveCfg = Debug|Any CPU
		{70B7384B-85B3-41BA-B733-F73E44B0CE07}.Debug|Any CPU.Build.0 = Debug|Any CPU
		{70B7384B-85B3-41BA-B733-F73E44B0CE07}.Release|Any CPU.ActiveCfg = Release|Any CPU
		{70B7384B-85B3-41BA-B733-F73E44B0CE07}.Release|Any CPU.Build.0 = Release|Any CPU
		{C55019D8-4A2A-4548-8A4D-EB425B1943C0}.Debug|Any CPU.ActiveCfg = Debug|Any CPU
		{C55019D8-4A2A-4548-8A4D-EB425B1943C0}.Debug|Any CPU.Build.0 = Debug|Any CPU
		{C55019D8-4A2A-4548-8A4D-EB425B1943C0}.Release|Any CPU.ActiveCfg = Release|Any CPU
		{C55019D8-4A2A-4548-8A4D-EB425B1943C0}.Release|Any CPU.Build.0 = Release|Any CPU
		{3FEA76E0-8AF2-49D2-995D-D75E74663AEB}.Debug|Any CPU.ActiveCfg = Debug|Any CPU
		{3FEA76E0-8AF2-49D2-995D-D75E74663AEB}.Debug|Any CPU.Build.0 = Debug|Any CPU
		{3FEA76E0-8AF2-49D2-995D-D75E74663AEB}.Release|Any CPU.ActiveCfg = Release|Any CPU
		{3FEA76E0-8AF2-49D2-995D-D75E74663AEB}.Release|Any CPU.Build.0 = Release|Any CPU
		{AD7E2624-A681-4E49-AB40-3A1FB3FDB6E7}.Debug|Any CPU.ActiveCfg = Debug|Any CPU
		{AD7E2624-A681-4E49-AB40-3A1FB3FDB6E7}.Debug|Any CPU.Build.0 = Debug|Any CPU
		{AD7E2624-A681-4E49-AB40-3A1FB3FDB6E7}.Release|Any CPU.ActiveCfg = Release|Any CPU
		{AD7E2624-A681-4E49-AB40-3A1FB3FDB6E7}.Release|Any CPU.Build.0 = Release|Any CPU
		{97FCD8F4-CBC0-41F5-AC14-896B140328E8}.Debug|Any CPU.ActiveCfg = Debug|Any CPU
		{97FCD8F4-CBC0-41F5-AC14-896B140328E8}.Debug|Any CPU.Build.0 = Debug|Any CPU
		{97FCD8F4-CBC0-41F5-AC14-896B140328E8}.Release|Any CPU.ActiveCfg = Release|Any CPU
		{97FCD8F4-CBC0-41F5-AC14-896B140328E8}.Release|Any CPU.Build.0 = Release|Any CPU
		{8323069B-7B08-47D8-BC69-BD0D21692A03}.Debug|Any CPU.ActiveCfg = Debug|Any CPU
		{8323069B-7B08-47D8-BC69-BD0D21692A03}.Debug|Any CPU.Build.0 = Debug|Any CPU
		{8323069B-7B08-47D8-BC69-BD0D21692A03}.Release|Any CPU.ActiveCfg = Release|Any CPU
		{8323069B-7B08-47D8-BC69-BD0D21692A03}.Release|Any CPU.Build.0 = Release|Any CPU
	EndGlobalSection
	GlobalSection(SolutionProperties) = preSolution
		HideSolutionNode = FALSE
	EndGlobalSection
	GlobalSection(NestedProjects) = preSolution
		{A2F2FA60-F876-4E93-9890-4EB9673ACAE3} = {C31A0D97-05E9-4A16-B42E-179391BEAB12}
		{FCE32B6E-0F69-4521-B810-97C4C52527A7} = {C31A0D97-05E9-4A16-B42E-179391BEAB12}
		{86338A15-33E0-4111-ACAA-1A182A1441B7} = {C31A0D97-05E9-4A16-B42E-179391BEAB12}
		{F732C952-C52A-47D8-B510-E44D52E576FB} = {C31A0D97-05E9-4A16-B42E-179391BEAB12}
		{FB35830B-CA83-450A-97E6-928F0C37D341} = {C31A0D97-05E9-4A16-B42E-179391BEAB12}
		{70B7384B-85B3-41BA-B733-F73E44B0CE07} = {C31A0D97-05E9-4A16-B42E-179391BEAB12}
		{C55019D8-4A2A-4548-8A4D-EB425B1943C0} = {55604CBB-5B62-48D5-825B-1E20E972DC5F}
		{3FEA76E0-8AF2-49D2-995D-D75E74663AEB} = {55604CBB-5B62-48D5-825B-1E20E972DC5F}
		{AD7E2624-A681-4E49-AB40-3A1FB3FDB6E7} = {55604CBB-5B62-48D5-825B-1E20E972DC5F}
		{97FCD8F4-CBC0-41F5-AC14-896B140328E8} = {55604CBB-5B62-48D5-825B-1E20E972DC5F}
		{8323069B-7B08-47D8-BC69-BD0D21692A03} = {C31A0D97-05E9-4A16-B42E-179391BEAB12}
	EndGlobalSection
EndGlobal
