
Microsoft Visual Studio Solution File, Format Version 12.00
# Visual Studio 2013
VisualStudioVersion = 12.0.30723.0
MinimumVisualStudioVersion = 10.0.40219.1
Project("{FAE04EC0-301F-11D3-BF4B-00C04F79EFBC}") = "Nascar.Models", "Nascar.Models\Nascar.Models.csproj", "{A2F2FA60-F876-4E93-9890-4EB9673ACAE3}"
EndProject
Project("{FAE04EC0-301F-11D3-BF4B-00C04F79EFBC}") = "Nascar.Web", "..\Nascar.Web\Nascar.Web.csproj", "{55B57058-D783-483A-B3D4-881D4A47C403}"
EndProject
Project("{FAE04EC0-301F-11D3-BF4B-00C04F79EFBC}") = "Nascar.WinApp", "..\Nascar.WinApp\Nascar.WinApp.csproj", "{FCE32B6E-0F69-4521-B810-97C4C52527A7}"
EndProject
Project("{FAE04EC0-301F-11D3-BF4B-00C04F79EFBC}") = "Nascar.Data", "..\Nascar.Data\Nascar.Data.csproj", "{86338A15-33E0-4111-ACAA-1A182A1441B7}"
EndProject
Project("{FAE04EC0-301F-11D3-BF4B-00C04F79EFBC}") = "Nascar.ServiceScheduler", "..\Nascar.ServiceScheduler\Nascar.ServiceScheduler.csproj", "{F732C952-C52A-47D8-B510-E44D52E576FB}"
EndProject
Global
	GlobalSection(SolutionConfigurationPlatforms) = preSolution
		Debug|Any CPU = Debug|Any CPU
		Release|Any CPU = Release|Any CPU
	EndGlobalSection
	GlobalSection(ProjectConfigurationPlatforms) = postSolution
		{A2F2FA60-F876-4E93-9890-4EB9673ACAE3}.Debug|Any CPU.ActiveCfg = Debug|Any CPU
		{A2F2FA60-F876-4E93-9890-4EB9673ACAE3}.Debug|Any CPU.Build.0 = Debug|Any CPU
		{A2F2FA60-F876-4E93-9890-4EB9673ACAE3}.Release|Any CPU.ActiveCfg = Release|Any CPU
		{A2F2FA60-F876-4E93-9890-4EB9673ACAE3}.Release|Any CPU.Build.0 = Release|Any CPU
		{55B57058-D783-483A-B3D4-881D4A47C403}.Debug|Any CPU.ActiveCfg = Debug|Any CPU
		{55B57058-D783-483A-B3D4-881D4A47C403}.Debug|Any CPU.Build.0 = Debug|Any CPU
		{55B57058-D783-483A-B3D4-881D4A47C403}.Release|Any CPU.ActiveCfg = Release|Any CPU
		{55B57058-D783-483A-B3D4-881D4A47C403}.Release|Any CPU.Build.0 = Release|Any CPU
		{FCE32B6E-0F69-4521-B810-97C4C52527A7}.Debug|Any CPU.ActiveCfg = Debug|Any CPU
		{FCE32B6E-0F69-4521-B810-97C4C52527A7}.Debug|Any CPU.Build.0 = Debug|Any CPU
		{FCE32B6E-0F69-4521-B810-97C4C52527A7}.Release|Any CPU.ActiveCfg = Release|Any CPU
		{FCE32B6E-0F69-4521-B810-97C4C52527A7}.Release|Any CPU.Build.0 = Release|Any CPU
		{86338A15-33E0-4111-ACAA-1A182A1441B7}.Debug|Any CPU.ActiveCfg = Debug|Any CPU
		{86338A15-33E0-4111-ACAA-1A182A1441B7}.Debug|Any CPU.Build.0 = Debug|Any CPU
		{86338A15-33E0-4111-ACAA-1A182A1441B7}.Release|Any CPU.ActiveCfg = Release|Any CPU
		{86338A15-33E0-4111-ACAA-1A182A1441B7}.Release|Any CPU.Build.0 = Release|Any CPU
		{F732C952-C52A-47D8-B510-E44D52E576FB}.Debug|Any CPU.ActiveCfg = Debug|Any CPU
		{F732C952-C52A-47D8-B510-E44D52E576FB}.Debug|Any CPU.Build.0 = Debug|Any CPU
		{F732C952-C52A-47D8-B510-E44D52E576FB}.Release|Any CPU.ActiveCfg = Release|Any CPU
		{F732C952-C52A-47D8-B510-E44D52E576FB}.Release|Any CPU.Build.0 = Release|Any CPU
	EndGlobalSection
	GlobalSection(SolutionProperties) = preSolution
		HideSolutionNode = FALSE
	EndGlobalSection
EndGlobal
